
Microsoft Visual Studio Solution File, Format Version 12.00
# Visual Studio 15
VisualStudioVersion = 15.0.27703.2042
MinimumVisualStudioVersion = 10.0.40219.1
Project("{FAE04EC0-301F-11D3-BF4B-00C04F79EFBC}") = "아웃룩서버", "아웃룩서버\아웃룩서버.csproj", "{8FF027EA-2F4B-4C31-916B-7986218218E7}"
EndProject
Global
	GlobalSection(SolutionConfigurationPlatforms) = preSolution
		Debug|Any CPU = Debug|Any CPU
		Release|Any CPU = Release|Any CPU
	EndGlobalSection
	GlobalSection(ProjectConfigurationPlatforms) = postSolution
		{8FF027EA-2F4B-4C31-916B-7986218218E7}.Debug|Any CPU.ActiveCfg = Debug|Any CPU
		{8FF027EA-2F4B-4C31-916B-7986218218E7}.Debug|Any CPU.Build.0 = Debug|Any CPU
		{8FF027EA-2F4B-4C31-916B-7986218218E7}.Release|Any CPU.ActiveCfg = Release|Any CPU
		{8FF027EA-2F4B-4C31-916B-7986218218E7}.Release|Any CPU.Build.0 = Release|Any CPU
	EndGlobalSection
	GlobalSection(SolutionProperties) = preSolution
		HideSolutionNode = FALSE
	EndGlobalSection
	GlobalSection(ExtensibilityGlobals) = postSolution
		SolutionGuid = {BCE86EA4-77D5-4DA3-AC6D-86E5879501D6}
	EndGlobalSection
EndGlobal
